// !$*UTF8*$!
{
	archiveVersion = 1;
	classes = {
	};
	objectVersion = 50;
	objects = {

/* Begin PBXBuildFile section */
		67090E5A25B0F26F00313B11 /* AppDelegate.swift in Sources */ = {isa = PBXBuildFile; fileRef = 67090E5925B0F26F00313B11 /* AppDelegate.swift */; };
		67090E5C25B0F26F00313B11 /* SceneDelegate.swift in Sources */ = {isa = PBXBuildFile; fileRef = 67090E5B25B0F26F00313B11 /* SceneDelegate.swift */; };
		67090E5E25B0F26F00313B11 /* ViewController.swift in Sources */ = {isa = PBXBuildFile; fileRef = 67090E5D25B0F26F00313B11 /* ViewController.swift */; };
		67090E6125B0F26F00313B11 /* Main.storyboard in Resources */ = {isa = PBXBuildFile; fileRef = 67090E5F25B0F26F00313B11 /* Main.storyboard */; };
		67090E6325B0F27100313B11 /* Assets.xcassets in Resources */ = {isa = PBXBuildFile; fileRef = 67090E6225B0F27100313B11 /* Assets.xcassets */; };
		67090E6625B0F27100313B11 /* LaunchScreen.storyboard in Resources */ = {isa = PBXBuildFile; fileRef = 67090E6425B0F27100313B11 /* LaunchScreen.storyboard */; };
		673B80B425B0F9A000AF4A9A /* MainCoordinator.swift in Sources */ = {isa = PBXBuildFile; fileRef = 673B80B325B0F9A000AF4A9A /* MainCoordinator.swift */; };
		673B80B725B0FA0600AF4A9A /* AdListViewController.swift in Sources */ = {isa = PBXBuildFile; fileRef = 673B80B625B0FA0600AF4A9A /* AdListViewController.swift */; };
		673B80BA25B0FF8700AF4A9A /* Ad.swift in Sources */ = {isa = PBXBuildFile; fileRef = 673B80B925B0FF8700AF4A9A /* Ad.swift */; };
		673B80BC25B0FF9D00AF4A9A /* AdCategory.swift in Sources */ = {isa = PBXBuildFile; fileRef = 673B80BB25B0FF9D00AF4A9A /* AdCategory.swift */; };
		673B80F425B1098600AF4A9A /* AdCategoryResponseTest.swift in Sources */ = {isa = PBXBuildFile; fileRef = 673B80F325B1098600AF4A9A /* AdCategoryResponseTest.swift */; };
		673B80F725B109D800AF4A9A /* AdResponseTest.swift in Sources */ = {isa = PBXBuildFile; fileRef = 673B80F625B109D800AF4A9A /* AdResponseTest.swift */; };
		673B80FA25B10A3700AF4A9A /* UtilsTests.swift in Sources */ = {isa = PBXBuildFile; fileRef = 673B80F925B10A3700AF4A9A /* UtilsTests.swift */; };
		673B80FC25B10A6100AF4A9A /* AdResponseModel.json in Resources */ = {isa = PBXBuildFile; fileRef = 673B80FB25B10A6100AF4A9A /* AdResponseModel.json */; };
		673B80FE25B10A9C00AF4A9A /* AdCategoriesResponseModel.json in Resources */ = {isa = PBXBuildFile; fileRef = 673B80FD25B10A9C00AF4A9A /* AdCategoriesResponseModel.json */; };
		673B810125B1A02600AF4A9A /* AdListViewModel.swift in Sources */ = {isa = PBXBuildFile; fileRef = 673B810025B1A02600AF4A9A /* AdListViewModel.swift */; };
		673B810425B1A07300AF4A9A /* AdClient.swift in Sources */ = {isa = PBXBuildFile; fileRef = 673B810325B1A07300AF4A9A /* AdClient.swift */; };
		673B810625B1A09200AF4A9A /* EndPoint.swift in Sources */ = {isa = PBXBuildFile; fileRef = 673B810525B1A09200AF4A9A /* EndPoint.swift */; };
		673B810825B1A0A600AF4A9A /* GenericAPIClient.swift in Sources */ = {isa = PBXBuildFile; fileRef = 673B810725B1A0A600AF4A9A /* GenericAPIClient.swift */; };
		673B810B25B1A19A00AF4A9A /* AdClientTests.swift in Sources */ = {isa = PBXBuildFile; fileRef = 673B810A25B1A19A00AF4A9A /* AdClientTests.swift */; };
/* End PBXBuildFile section */

/* Begin PBXContainerItemProxy section */
		673B80ED25B1093600AF4A9A /* PBXContainerItemProxy */ = {
			isa = PBXContainerItemProxy;
			containerPortal = 67090E4E25B0F26F00313B11 /* Project object */;
			proxyType = 1;
			remoteGlobalIDString = 67090E5525B0F26F00313B11;
			remoteInfo = LeBonCoin;
		};
/* End PBXContainerItemProxy section */

/* Begin PBXFileReference section */
		67090E5625B0F26F00313B11 /* LeBonCoin.app */ = {isa = PBXFileReference; explicitFileType = wrapper.application; includeInIndex = 0; path = LeBonCoin.app; sourceTree = BUILT_PRODUCTS_DIR; };
		67090E5925B0F26F00313B11 /* AppDelegate.swift */ = {isa = PBXFileReference; lastKnownFileType = sourcecode.swift; path = AppDelegate.swift; sourceTree = "<group>"; };
		67090E5B25B0F26F00313B11 /* SceneDelegate.swift */ = {isa = PBXFileReference; lastKnownFileType = sourcecode.swift; path = SceneDelegate.swift; sourceTree = "<group>"; };
		67090E5D25B0F26F00313B11 /* ViewController.swift */ = {isa = PBXFileReference; lastKnownFileType = sourcecode.swift; path = ViewController.swift; sourceTree = "<group>"; };
		67090E6025B0F26F00313B11 /* Base */ = {isa = PBXFileReference; lastKnownFileType = file.storyboard; name = Base; path = Base.lproj/Main.storyboard; sourceTree = "<group>"; };
		67090E6225B0F27100313B11 /* Assets.xcassets */ = {isa = PBXFileReference; lastKnownFileType = folder.assetcatalog; path = Assets.xcassets; sourceTree = "<group>"; };
		67090E6525B0F27100313B11 /* Base */ = {isa = PBXFileReference; lastKnownFileType = file.storyboard; name = Base; path = Base.lproj/LaunchScreen.storyboard; sourceTree = "<group>"; };
		67090E6725B0F27100313B11 /* Info.plist */ = {isa = PBXFileReference; lastKnownFileType = text.plist.xml; path = Info.plist; sourceTree = "<group>"; };
		673B80B325B0F9A000AF4A9A /* MainCoordinator.swift */ = {isa = PBXFileReference; lastKnownFileType = sourcecode.swift; path = MainCoordinator.swift; sourceTree = "<group>"; };
		673B80B625B0FA0600AF4A9A /* AdListViewController.swift */ = {isa = PBXFileReference; lastKnownFileType = sourcecode.swift; path = AdListViewController.swift; sourceTree = "<group>"; };
		673B80B925B0FF8700AF4A9A /* Ad.swift */ = {isa = PBXFileReference; lastKnownFileType = sourcecode.swift; path = Ad.swift; sourceTree = "<group>"; };
		673B80BB25B0FF9D00AF4A9A /* AdCategory.swift */ = {isa = PBXFileReference; lastKnownFileType = sourcecode.swift; path = AdCategory.swift; sourceTree = "<group>"; };
		673B80E825B1093600AF4A9A /* LeBonCoinTest.xctest */ = {isa = PBXFileReference; explicitFileType = wrapper.cfbundle; includeInIndex = 0; path = LeBonCoinTest.xctest; sourceTree = BUILT_PRODUCTS_DIR; };
		673B80EC25B1093600AF4A9A /* Info.plist */ = {isa = PBXFileReference; lastKnownFileType = text.plist.xml; path = Info.plist; sourceTree = "<group>"; };
		673B80F225B1098600AF4A9A /* LeBonCoinTest-Bridging-Header.h */ = {isa = PBXFileReference; lastKnownFileType = sourcecode.c.h; path = "LeBonCoinTest-Bridging-Header.h"; sourceTree = "<group>"; };
		673B80F325B1098600AF4A9A /* AdCategoryResponseTest.swift */ = {isa = PBXFileReference; lastKnownFileType = sourcecode.swift; path = AdCategoryResponseTest.swift; sourceTree = "<group>"; };
		673B80F625B109D800AF4A9A /* AdResponseTest.swift */ = {isa = PBXFileReference; lastKnownFileType = sourcecode.swift; path = AdResponseTest.swift; sourceTree = "<group>"; };
		673B80F925B10A3700AF4A9A /* UtilsTests.swift */ = {isa = PBXFileReference; lastKnownFileType = sourcecode.swift; path = UtilsTests.swift; sourceTree = "<group>"; };
		673B80FB25B10A6100AF4A9A /* AdResponseModel.json */ = {isa = PBXFileReference; lastKnownFileType = text.json; path = AdResponseModel.json; sourceTree = "<group>"; };
		673B80FD25B10A9C00AF4A9A /* AdCategoriesResponseModel.json */ = {isa = PBXFileReference; lastKnownFileType = text.json; path = AdCategoriesResponseModel.json; sourceTree = "<group>"; };
		673B810025B1A02600AF4A9A /* AdListViewModel.swift */ = {isa = PBXFileReference; lastKnownFileType = sourcecode.swift; path = AdListViewModel.swift; sourceTree = "<group>"; };
		673B810325B1A07300AF4A9A /* AdClient.swift */ = {isa = PBXFileReference; lastKnownFileType = sourcecode.swift; path = AdClient.swift; sourceTree = "<group>"; };
		673B810525B1A09200AF4A9A /* EndPoint.swift */ = {isa = PBXFileReference; lastKnownFileType = sourcecode.swift; path = EndPoint.swift; sourceTree = "<group>"; };
		673B810725B1A0A600AF4A9A /* GenericAPIClient.swift */ = {isa = PBXFileReference; lastKnownFileType = sourcecode.swift; path = GenericAPIClient.swift; sourceTree = "<group>"; };
		673B810A25B1A19A00AF4A9A /* AdClientTests.swift */ = {isa = PBXFileReference; lastKnownFileType = sourcecode.swift; path = AdClientTests.swift; sourceTree = "<group>"; };
/* End PBXFileReference section */

/* Begin PBXFrameworksBuildPhase section */
		67090E5325B0F26F00313B11 /* Frameworks */ = {
			isa = PBXFrameworksBuildPhase;
			buildActionMask = 2147483647;
			files = (
			);
			runOnlyForDeploymentPostprocessing = 0;
		};
		673B80E525B1093600AF4A9A /* Frameworks */ = {
			isa = PBXFrameworksBuildPhase;
			buildActionMask = 2147483647;
			files = (
			);
			runOnlyForDeploymentPostprocessing = 0;
		};
/* End PBXFrameworksBuildPhase section */

/* Begin PBXGroup section */
		67090E4D25B0F26F00313B11 = {
			isa = PBXGroup;
			children = (
				67090E5825B0F26F00313B11 /* LeBonCoin */,
				673B80B225B0F94900AF4A9A /* Coordinators */,
				673B80B525B0F9D800AF4A9A /* Controllers */,
				673B80E925B1093600AF4A9A /* LeBonCoinTest */,
				67090E5725B0F26F00313B11 /* Products */,
			);
			sourceTree = "<group>";
		};
		67090E5725B0F26F00313B11 /* Products */ = {
			isa = PBXGroup;
			children = (
				67090E5625B0F26F00313B11 /* LeBonCoin.app */,
				673B80E825B1093600AF4A9A /* LeBonCoinTest.xctest */,
			);
			name = Products;
			sourceTree = "<group>";
		};
		67090E5825B0F26F00313B11 /* LeBonCoin */ = {
			isa = PBXGroup;
			children = (
				673B810225B1A04D00AF4A9A /* Networking */,
				673B80FF25B19FE500AF4A9A /* ViewModel */,
				673B80B825B0FF6000AF4A9A /* Model */,
				67090E5925B0F26F00313B11 /* AppDelegate.swift */,
				67090E5B25B0F26F00313B11 /* SceneDelegate.swift */,
				67090E5D25B0F26F00313B11 /* ViewController.swift */,
				67090E6225B0F27100313B11 /* Assets.xcassets */,
				67090E5F25B0F26F00313B11 /* Main.storyboard */,
				67090E6425B0F27100313B11 /* LaunchScreen.storyboard */,
				67090E6725B0F27100313B11 /* Info.plist */,
			);
			path = LeBonCoin;
			sourceTree = "<group>";
		};
		673B80B225B0F94900AF4A9A /* Coordinators */ = {
			isa = PBXGroup;
			children = (
				673B80B325B0F9A000AF4A9A /* MainCoordinator.swift */,
			);
			path = Coordinators;
			sourceTree = "<group>";
		};
		673B80B525B0F9D800AF4A9A /* Controllers */ = {
			isa = PBXGroup;
			children = (
				673B80B625B0FA0600AF4A9A /* AdListViewController.swift */,
			);
			path = Controllers;
			sourceTree = "<group>";
		};
		673B80B825B0FF6000AF4A9A /* Model */ = {
			isa = PBXGroup;
			children = (
				673B80B925B0FF8700AF4A9A /* Ad.swift */,
				673B80BB25B0FF9D00AF4A9A /* AdCategory.swift */,
			);
			path = Model;
			sourceTree = "<group>";
		};
		673B80E925B1093600AF4A9A /* LeBonCoinTest */ = {
			isa = PBXGroup;
			children = (
				673B810925B1A16600AF4A9A /* Networking */,
				673B80F825B109FD00AF4A9A /* Utilities */,
				673B80F525B109B000AF4A9A /* Model */,
				673B80EC25B1093600AF4A9A /* Info.plist */,
				673B80F225B1098600AF4A9A /* LeBonCoinTest-Bridging-Header.h */,
			);
			path = LeBonCoinTest;
			sourceTree = "<group>";
		};
		673B80F525B109B000AF4A9A /* Model */ = {
			isa = PBXGroup;
			children = (
				673B80F325B1098600AF4A9A /* AdCategoryResponseTest.swift */,
				673B80F625B109D800AF4A9A /* AdResponseTest.swift */,
				673B80FB25B10A6100AF4A9A /* AdResponseModel.json */,
				673B80FD25B10A9C00AF4A9A /* AdCategoriesResponseModel.json */,
			);
			path = Model;
			sourceTree = "<group>";
		};
		673B80F825B109FD00AF4A9A /* Utilities */ = {
			isa = PBXGroup;
			children = (
				673B80F925B10A3700AF4A9A /* UtilsTests.swift */,
			);
			path = Utilities;
			sourceTree = "<group>";
		};
		673B80FF25B19FE500AF4A9A /* ViewModel */ = {
			isa = PBXGroup;
			children = (
				673B810025B1A02600AF4A9A /* AdListViewModel.swift */,
			);
			path = ViewModel;
			sourceTree = "<group>";
		};
		673B810225B1A04D00AF4A9A /* Networking */ = {
			isa = PBXGroup;
			children = (
				673B810325B1A07300AF4A9A /* AdClient.swift */,
				673B810525B1A09200AF4A9A /* EndPoint.swift */,
				673B810725B1A0A600AF4A9A /* GenericAPIClient.swift */,
			);
			path = Networking;
			sourceTree = "<group>";
		};
		673B810925B1A16600AF4A9A /* Networking */ = {
			isa = PBXGroup;
			children = (
				673B810A25B1A19A00AF4A9A /* AdClientTests.swift */,
			);
			path = Networking;
			sourceTree = "<group>";
		};
/* End PBXGroup section */

/* Begin PBXNativeTarget section */
		67090E5525B0F26F00313B11 /* LeBonCoin */ = {
			isa = PBXNativeTarget;
			buildConfigurationList = 67090E7525B0F27200313B11 /* Build configuration list for PBXNativeTarget "LeBonCoin" */;
			buildPhases = (
				67090E5225B0F26F00313B11 /* Sources */,
				67090E5325B0F26F00313B11 /* Frameworks */,
				67090E5425B0F26F00313B11 /* Resources */,
			);
			buildRules = (
			);
			dependencies = (
			);
			name = LeBonCoin;
			productName = LeBonCoin;
			productReference = 67090E5625B0F26F00313B11 /* LeBonCoin.app */;
			productType = "com.apple.product-type.application";
		};
		673B80E725B1093600AF4A9A /* LeBonCoinTest */ = {
			isa = PBXNativeTarget;
			buildConfigurationList = 673B80EF25B1093600AF4A9A /* Build configuration list for PBXNativeTarget "LeBonCoinTest" */;
			buildPhases = (
				673B80E425B1093600AF4A9A /* Sources */,
				673B80E525B1093600AF4A9A /* Frameworks */,
				673B80E625B1093600AF4A9A /* Resources */,
			);
			buildRules = (
			);
			dependencies = (
				673B80EE25B1093600AF4A9A /* PBXTargetDependency */,
			);
			name = LeBonCoinTest;
			productName = LeBonCoinTest;
			productReference = 673B80E825B1093600AF4A9A /* LeBonCoinTest.xctest */;
			productType = "com.apple.product-type.bundle.unit-test";
		};
/* End PBXNativeTarget section */

/* Begin PBXProject section */
		67090E4E25B0F26F00313B11 /* Project object */ = {
			isa = PBXProject;
			attributes = {
				LastSwiftUpdateCheck = 1140;
				LastUpgradeCheck = 1140;
				ORGANIZATIONNAME = Amine;
				TargetAttributes = {
					67090E5525B0F26F00313B11 = {
						CreatedOnToolsVersion = 11.4.1;
					};
					673B80E725B1093600AF4A9A = {
						CreatedOnToolsVersion = 11.4.1;
						LastSwiftMigration = 1140;
						TestTargetID = 67090E5525B0F26F00313B11;
					};
				};
			};
			buildConfigurationList = 67090E5125B0F26F00313B11 /* Build configuration list for PBXProject "LeBonCoin" */;
			compatibilityVersion = "Xcode 9.3";
			developmentRegion = en;
			hasScannedForEncodings = 0;
			knownRegions = (
				en,
				Base,
			);
			mainGroup = 67090E4D25B0F26F00313B11;
			productRefGroup = 67090E5725B0F26F00313B11 /* Products */;
			projectDirPath = "";
			projectRoot = "";
			targets = (
				67090E5525B0F26F00313B11 /* LeBonCoin */,
				673B80E725B1093600AF4A9A /* LeBonCoinTest */,
			);
		};
/* End PBXProject section */

/* Begin PBXResourcesBuildPhase section */
		67090E5425B0F26F00313B11 /* Resources */ = {
			isa = PBXResourcesBuildPhase;
			buildActionMask = 2147483647;
			files = (
				67090E6625B0F27100313B11 /* LaunchScreen.storyboard in Resources */,
				67090E6325B0F27100313B11 /* Assets.xcassets in Resources */,
				67090E6125B0F26F00313B11 /* Main.storyboard in Resources */,
			);
			runOnlyForDeploymentPostprocessing = 0;
		};
		673B80E625B1093600AF4A9A /* Resources */ = {
			isa = PBXResourcesBuildPhase;
			buildActionMask = 2147483647;
			files = (
				673B80FC25B10A6100AF4A9A /* AdResponseModel.json in Resources */,
				673B80FE25B10A9C00AF4A9A /* AdCategoriesResponseModel.json in Resources */,
			);
			runOnlyForDeploymentPostprocessing = 0;
		};
/* End PBXResourcesBuildPhase section */

/* Begin PBXSourcesBuildPhase section */
		67090E5225B0F26F00313B11 /* Sources */ = {
			isa = PBXSourcesBuildPhase;
			buildActionMask = 2147483647;
			files = (
				67090E5E25B0F26F00313B11 /* ViewController.swift in Sources */,
				673B810425B1A07300AF4A9A /* AdClient.swift in Sources */,
				673B810625B1A09200AF4A9A /* EndPoint.swift in Sources */,
				673B80B425B0F9A000AF4A9A /* MainCoordinator.swift in Sources */,
				673B80BA25B0FF8700AF4A9A /* Ad.swift in Sources */,
				673B80BC25B0FF9D00AF4A9A /* AdCategory.swift in Sources */,
				67090E5A25B0F26F00313B11 /* AppDelegate.swift in Sources */,
				673B810125B1A02600AF4A9A /* AdListViewModel.swift in Sources */,
				673B80B725B0FA0600AF4A9A /* AdListViewController.swift in Sources */,
				673B810825B1A0A600AF4A9A /* GenericAPIClient.swift in Sources */,
				67090E5C25B0F26F00313B11 /* SceneDelegate.swift in Sources */,
			);
			runOnlyForDeploymentPostprocessing = 0;
		};
		673B80E425B1093600AF4A9A /* Sources */ = {
			isa = PBXSourcesBuildPhase;
			buildActionMask = 2147483647;
			files = (
				673B80F425B1098600AF4A9A /* AdCategoryResponseTest.swift in Sources */,
				673B810B25B1A19A00AF4A9A /* AdClientTests.swift in Sources */,
				673B80F725B109D800AF4A9A /* AdResponseTest.swift in Sources */,
				673B80FA25B10A3700AF4A9A /* UtilsTests.swift in Sources */,
			);
			runOnlyForDeploymentPostprocessing = 0;
		};
/* End PBXSourcesBuildPhase section */

/* Begin PBXTargetDependency section */
		673B80EE25B1093600AF4A9A /* PBXTargetDependency */ = {
			isa = PBXTargetDependency;
			target = 67090E5525B0F26F00313B11 /* LeBonCoin */;
			targetProxy = 673B80ED25B1093600AF4A9A /* PBXContainerItemProxy */;
		};
/* End PBXTargetDependency section */

/* Begin PBXVariantGroup section */
		67090E5F25B0F26F00313B11 /* Main.storyboard */ = {
			isa = PBXVariantGroup;
			children = (
				67090E6025B0F26F00313B11 /* Base */,
			);
			name = Main.storyboard;
			sourceTree = "<group>";
		};
		67090E6425B0F27100313B11 /* LaunchScreen.storyboard */ = {
			isa = PBXVariantGroup;
			children = (
				67090E6525B0F27100313B11 /* Base */,
			);
			name = LaunchScreen.storyboard;
			sourceTree = "<group>";
		};
/* End PBXVariantGroup section */

/* Begin XCBuildConfiguration section */
		67090E7325B0F27200313B11 /* Debug */ = {
			isa = XCBuildConfiguration;
			buildSettings = {
				ALWAYS_SEARCH_USER_PATHS = NO;
				CLANG_ANALYZER_NONNULL = YES;
				CLANG_ANALYZER_NUMBER_OBJECT_CONVERSION = YES_AGGRESSIVE;
				CLANG_CXX_LANGUAGE_STANDARD = "gnu++14";
				CLANG_CXX_LIBRARY = "libc++";
				CLANG_ENABLE_MODULES = YES;
				CLANG_ENABLE_OBJC_ARC = YES;
				CLANG_ENABLE_OBJC_WEAK = YES;
				CLANG_WARN_BLOCK_CAPTURE_AUTORELEASING = YES;
				CLANG_WARN_BOOL_CONVERSION = YES;
				CLANG_WARN_COMMA = YES;
				CLANG_WARN_CONSTANT_CONVERSION = YES;
				CLANG_WARN_DEPRECATED_OBJC_IMPLEMENTATIONS = YES;
				CLANG_WARN_DIRECT_OBJC_ISA_USAGE = YES_ERROR;
				CLANG_WARN_DOCUMENTATION_COMMENTS = YES;
				CLANG_WARN_EMPTY_BODY = YES;
				CLANG_WARN_ENUM_CONVERSION = YES;
				CLANG_WARN_INFINITE_RECURSION = YES;
				CLANG_WARN_INT_CONVERSION = YES;
				CLANG_WARN_NON_LITERAL_NULL_CONVERSION = YES;
				CLANG_WARN_OBJC_IMPLICIT_RETAIN_SELF = YES;
				CLANG_WARN_OBJC_LITERAL_CONVERSION = YES;
				CLANG_WARN_OBJC_ROOT_CLASS = YES_ERROR;
				CLANG_WARN_RANGE_LOOP_ANALYSIS = YES;
				CLANG_WARN_STRICT_PROTOTYPES = YES;
				CLANG_WARN_SUSPICIOUS_MOVE = YES;
				CLANG_WARN_UNGUARDED_AVAILABILITY = YES_AGGRESSIVE;
				CLANG_WARN_UNREACHABLE_CODE = YES;
				CLANG_WARN__DUPLICATE_METHOD_MATCH = YES;
				COPY_PHASE_STRIP = NO;
				DEBUG_INFORMATION_FORMAT = dwarf;
				ENABLE_STRICT_OBJC_MSGSEND = YES;
				ENABLE_TESTABILITY = YES;
				GCC_C_LANGUAGE_STANDARD = gnu11;
				GCC_DYNAMIC_NO_PIC = NO;
				GCC_NO_COMMON_BLOCKS = YES;
				GCC_OPTIMIZATION_LEVEL = 0;
				GCC_PREPROCESSOR_DEFINITIONS = (
					"DEBUG=1",
					"$(inherited)",
				);
				GCC_WARN_64_TO_32_BIT_CONVERSION = YES;
				GCC_WARN_ABOUT_RETURN_TYPE = YES_ERROR;
				GCC_WARN_UNDECLARED_SELECTOR = YES;
				GCC_WARN_UNINITIALIZED_AUTOS = YES_AGGRESSIVE;
				GCC_WARN_UNUSED_FUNCTION = YES;
				GCC_WARN_UNUSED_VARIABLE = YES;
				IPHONEOS_DEPLOYMENT_TARGET = 13.4;
				MTL_ENABLE_DEBUG_INFO = INCLUDE_SOURCE;
				MTL_FAST_MATH = YES;
				ONLY_ACTIVE_ARCH = YES;
				SDKROOT = iphoneos;
				SWIFT_ACTIVE_COMPILATION_CONDITIONS = DEBUG;
				SWIFT_OPTIMIZATION_LEVEL = "-Onone";
			};
			name = Debug;
		};
		67090E7425B0F27200313B11 /* Release */ = {
			isa = XCBuildConfiguration;
			buildSettings = {
				ALWAYS_SEARCH_USER_PATHS = NO;
				CLANG_ANALYZER_NONNULL = YES;
				CLANG_ANALYZER_NUMBER_OBJECT_CONVERSION = YES_AGGRESSIVE;
				CLANG_CXX_LANGUAGE_STANDARD = "gnu++14";
				CLANG_CXX_LIBRARY = "libc++";
				CLANG_ENABLE_MODULES = YES;
				CLANG_ENABLE_OBJC_ARC = YES;
				CLANG_ENABLE_OBJC_WEAK = YES;
				CLANG_WARN_BLOCK_CAPTURE_AUTORELEASING = YES;
				CLANG_WARN_BOOL_CONVERSION = YES;
				CLANG_WARN_COMMA = YES;
				CLANG_WARN_CONSTANT_CONVERSION = YES;
				CLANG_WARN_DEPRECATED_OBJC_IMPLEMENTATIONS = YES;
				CLANG_WARN_DIRECT_OBJC_ISA_USAGE = YES_ERROR;
				CLANG_WARN_DOCUMENTATION_COMMENTS = YES;
				CLANG_WARN_EMPTY_BODY = YES;
				CLANG_WARN_ENUM_CONVERSION = YES;
				CLANG_WARN_INFINITE_RECURSION = YES;
				CLANG_WARN_INT_CONVERSION = YES;
				CLANG_WARN_NON_LITERAL_NULL_CONVERSION = YES;
				CLANG_WARN_OBJC_IMPLICIT_RETAIN_SELF = YES;
				CLANG_WARN_OBJC_LITERAL_CONVERSION = YES;
				CLANG_WARN_OBJC_ROOT_CLASS = YES_ERROR;
				CLANG_WARN_RANGE_LOOP_ANALYSIS = YES;
				CLANG_WARN_STRICT_PROTOTYPES = YES;
				CLANG_WARN_SUSPICIOUS_MOVE = YES;
				CLANG_WARN_UNGUARDED_AVAILABILITY = YES_AGGRESSIVE;
				CLANG_WARN_UNREACHABLE_CODE = YES;
				CLANG_WARN__DUPLICATE_METHOD_MATCH = YES;
				COPY_PHASE_STRIP = NO;
				DEBUG_INFORMATION_FORMAT = "dwarf-with-dsym";
				ENABLE_NS_ASSERTIONS = NO;
				ENABLE_STRICT_OBJC_MSGSEND = YES;
				GCC_C_LANGUAGE_STANDARD = gnu11;
				GCC_NO_COMMON_BLOCKS = YES;
				GCC_WARN_64_TO_32_BIT_CONVERSION = YES;
				GCC_WARN_ABOUT_RETURN_TYPE = YES_ERROR;
				GCC_WARN_UNDECLARED_SELECTOR = YES;
				GCC_WARN_UNINITIALIZED_AUTOS = YES_AGGRESSIVE;
				GCC_WARN_UNUSED_FUNCTION = YES;
				GCC_WARN_UNUSED_VARIABLE = YES;
				IPHONEOS_DEPLOYMENT_TARGET = 13.4;
				MTL_ENABLE_DEBUG_INFO = NO;
				MTL_FAST_MATH = YES;
				SDKROOT = iphoneos;
				SWIFT_COMPILATION_MODE = wholemodule;
				SWIFT_OPTIMIZATION_LEVEL = "-O";
				VALIDATE_PRODUCT = YES;
			};
			name = Release;
		};
		67090E7625B0F27200313B11 /* Debug */ = {
			isa = XCBuildConfiguration;
			buildSettings = {
				ASSETCATALOG_COMPILER_APPICON_NAME = AppIcon;
				CODE_SIGN_STYLE = Automatic;
				INFOPLIST_FILE = LeBonCoin/Info.plist;
				IPHONEOS_DEPLOYMENT_TARGET = 11.0;
				LD_RUNPATH_SEARCH_PATHS = (
					"$(inherited)",
					"@executable_path/Frameworks",
				);
				PRODUCT_BUNDLE_IDENTIFIER = Amine.LeBonCoin;
				PRODUCT_NAME = "$(TARGET_NAME)";
				SWIFT_VERSION = 5.0;
				TARGETED_DEVICE_FAMILY = "1,2";
			};
			name = Debug;
		};
		67090E7725B0F27200313B11 /* Release */ = {
			isa = XCBuildConfiguration;
			buildSettings = {
				ASSETCATALOG_COMPILER_APPICON_NAME = AppIcon;
				CODE_SIGN_STYLE = Automatic;
				INFOPLIST_FILE = LeBonCoin/Info.plist;
				IPHONEOS_DEPLOYMENT_TARGET = 11.0;
				LD_RUNPATH_SEARCH_PATHS = (
					"$(inherited)",
					"@executable_path/Frameworks",
				);
				PRODUCT_BUNDLE_IDENTIFIER = Amine.LeBonCoin;
				PRODUCT_NAME = "$(TARGET_NAME)";
				SWIFT_VERSION = 5.0;
				TARGETED_DEVICE_FAMILY = "1,2";
			};
			name = Release;
		};
		673B80F025B1093600AF4A9A /* Debug */ = {
			isa = XCBuildConfiguration;
			buildSettings = {
				BUNDLE_LOADER = "$(TEST_HOST)";
				CLANG_ENABLE_MODULES = YES;
				CODE_SIGN_STYLE = Automatic;
				INFOPLIST_FILE = LeBonCoinTest/Info.plist;
				LD_RUNPATH_SEARCH_PATHS = (
					"$(inherited)",
					"@executable_path/Frameworks",
					"@loader_path/Frameworks",
				);
				PRODUCT_BUNDLE_IDENTIFIER = Amine.LeBonCoinTest;
				PRODUCT_NAME = "$(TARGET_NAME)";
				SWIFT_OBJC_BRIDGING_HEADER = "LeBonCoinTest/LeBonCoinTest-Bridging-Header.h";
				SWIFT_OPTIMIZATION_LEVEL = "-Onone";
				SWIFT_VERSION = 5.0;
				TARGETED_DEVICE_FAMILY = "1,2";
				TEST_HOST = "$(BUILT_PRODUCTS_DIR)/LeBonCoin.app/LeBonCoin";
			};
			name = Debug;
		};
		673B80F125B1093600AF4A9A /* Release */ = {
			isa = XCBuildConfiguration;
			buildSettings = {
				BUNDLE_LOADER = "$(TEST_HOST)";
				CLANG_ENABLE_MODULES = YES;
				CODE_SIGN_STYLE = Automatic;
				INFOPLIST_FILE = LeBonCoinTest/Info.plist;
				LD_RUNPATH_SEARCH_PATHS = (
					"$(inherited)",
					"@executable_path/Frameworks",
					"@loader_path/Frameworks",
				);
				PRODUCT_BUNDLE_IDENTIFIER = Amine.LeBonCoinTest;
				PRODUCT_NAME = "$(TARGET_NAME)";
				SWIFT_OBJC_BRIDGING_HEADER = "LeBonCoinTest/LeBonCoinTest-Bridging-Header.h";
				SWIFT_VERSION = 5.0;
				TARGETED_DEVICE_FAMILY = "1,2";
				TEST_HOST = "$(BUILT_PRODUCTS_DIR)/LeBonCoin.app/LeBonCoin";
			};
			name = Release;
		};
/* End XCBuildConfiguration section */

/* Begin XCConfigurationList section */
		67090E5125B0F26F00313B11 /* Build configuration list for PBXProject "LeBonCoin" */ = {
			isa = XCConfigurationList;
			buildConfigurations = (
				67090E7325B0F27200313B11 /* Debug */,
				67090E7425B0F27200313B11 /* Release */,
			);
			defaultConfigurationIsVisible = 0;
			defaultConfigurationName = Release;
		};
		67090E7525B0F27200313B11 /* Build configuration list for PBXNativeTarget "LeBonCoin" */ = {
			isa = XCConfigurationList;
			buildConfigurations = (
				67090E7625B0F27200313B11 /* Debug */,
				67090E7725B0F27200313B11 /* Release */,
			);
			defaultConfigurationIsVisible = 0;
			defaultConfigurationName = Release;
		};
		673B80EF25B1093600AF4A9A /* Build configuration list for PBXNativeTarget "LeBonCoinTest" */ = {
			isa = XCConfigurationList;
			buildConfigurations = (
				673B80F025B1093600AF4A9A /* Debug */,
				673B80F125B1093600AF4A9A /* Release */,
			);
			defaultConfigurationIsVisible = 0;
			defaultConfigurationName = Release;
		};
/* End XCConfigurationList section */
	};
	rootObject = 67090E4E25B0F26F00313B11 /* Project object */;
}
